
Microsoft Visual Studio Solution File, Format Version 12.00
# Visual Studio 15
VisualStudioVersion = 15.0.28307.1267
MinimumVisualStudioVersion = 10.0.40219.1
Project("{FAE04EC0-301F-11D3-BF4B-00C04F79EFBC}") = "ServerdanClient_AndangSaefullah_032", "ServerdanClient_AndangSaefullah_032\ServerdanClient_AndangSaefullah_032.csproj", "{8AAC2BF9-5230-49D1-879F-6BFDD9BE9DE1}"
EndProject
Project("{FAE04EC0-301F-11D3-BF4B-00C04F79EFBC}") = "Server_AndangSaefullah_032", "Server_AndangSaefullah_032\Server_AndangSaefullah_032.csproj", "{F95E5B5C-7A38-4A64-869F-46701E3575CC}"
EndProject
Project("{FAE04EC0-301F-11D3-BF4B-00C04F79EFBC}") = "Client_AndangSaefullah_032", "Client_AndangSaefullah_032\Client_AndangSaefullah_032.csproj", "{0E99272A-C7AA-4D5F-A7CB-C13AB1EDBCBA}"
EndProject
Global
	GlobalSection(SolutionConfigurationPlatforms) = preSolution
		Debug|Any CPU = Debug|Any CPU
		Release|Any CPU = Release|Any CPU
	EndGlobalSection
	GlobalSection(ProjectConfigurationPlatforms) = postSolution
		{8AAC2BF9-5230-49D1-879F-6BFDD9BE9DE1}.Debug|Any CPU.ActiveCfg = Debug|Any CPU
		{8AAC2BF9-5230-49D1-879F-6BFDD9BE9DE1}.Debug|Any CPU.Build.0 = Debug|Any CPU
		{8AAC2BF9-5230-49D1-879F-6BFDD9BE9DE1}.Release|Any CPU.ActiveCfg = Release|Any CPU
		{8AAC2BF9-5230-49D1-879F-6BFDD9BE9DE1}.Release|Any CPU.Build.0 = Release|Any CPU
		{F95E5B5C-7A38-4A64-869F-46701E3575CC}.Debug|Any CPU.ActiveCfg = Debug|Any CPU
		{F95E5B5C-7A38-4A64-869F-46701E3575CC}.Debug|Any CPU.Build.0 = Debug|Any CPU
		{F95E5B5C-7A38-4A64-869F-46701E3575CC}.Release|Any CPU.ActiveCfg = Release|Any CPU
		{F95E5B5C-7A38-4A64-869F-46701E3575CC}.Release|Any CPU.Build.0 = Release|Any CPU
		{0E99272A-C7AA-4D5F-A7CB-C13AB1EDBCBA}.Debug|Any CPU.ActiveCfg = Debug|Any CPU
		{0E99272A-C7AA-4D5F-A7CB-C13AB1EDBCBA}.Debug|Any CPU.Build.0 = Debug|Any CPU
		{0E99272A-C7AA-4D5F-A7CB-C13AB1EDBCBA}.Release|Any CPU.ActiveCfg = Release|Any CPU
		{0E99272A-C7AA-4D5F-A7CB-C13AB1EDBCBA}.Release|Any CPU.Build.0 = Release|Any CPU
	EndGlobalSection
	GlobalSection(SolutionProperties) = preSolution
		HideSolutionNode = FALSE
	EndGlobalSection
	GlobalSection(ExtensibilityGlobals) = postSolution
		SolutionGuid = {28DBFF14-6C9C-4DA2-924E-7BFBD6E75CBB}
	EndGlobalSection
EndGlobal
